lockfileVersion: '9.0'

settings:
  autoInstallPeers: true
  excludeLinksFromLockfile: false

importers:

  .:
    devDependencies:
      '@openai/codex':
        specifier: ^0.64.0
        version: 0.64.0

packages:

  '@openai/codex@0.64.0':
    resolution: {integrity: sha512-mO3CJiH9eoQRxRQrlBxht4SM5qYaqjToWxidEFDVa+et1ZdQpt7X3XbNIRdSohorU78E50u864MIwB32Hj3gRQ==}
    engines: {node: '>=16'}
    hasBin: true

snapshots:

  '@openai/codex@0.64.0': {}
